// !$*UTF8*$!
{
	archiveVersion = 1;
	classes = {
	};
	objectVersion = 46;
	objects = {

/* Begin PBXBuildFile section */
		750643011D3E43D500E3D691 /* CannedPlaceCacheManager.swift in Sources */ = {isa = PBXBuildFile; fileRef = 750643001D3E43D500E3D691 /* CannedPlaceCacheManager.swift */; };
		750F08DC1D4D00D2007B44BC /* PlaceDetailsViewController.swift in Sources */ = {isa = PBXBuildFile; fileRef = 750F08DB1D4D00D2007B44BC /* PlaceDetailsViewController.swift */; };
		7511026B1D3F003D000385A3 /* PlaceImage.swift in Sources */ = {isa = PBXBuildFile; fileRef = 7511026A1D3F003D000385A3 /* PlaceImage.swift */; };
		7511026D1D3F08B7000385A3 /* GoogleService-Info.plist in Resources */ = {isa = PBXBuildFile; fileRef = 7511026C1D3F08B7000385A3 /* GoogleService-Info.plist */; };
		7524B9731D41DFFB00C540A3 /* ImageDownloadManager.swift in Sources */ = {isa = PBXBuildFile; fileRef = 7524B9721D41DFFB00C540A3 /* ImageDownloadManager.swift */; };
		754CE1731D3C69D0008CFE62 /* AppDelegate.swift in Sources */ = {isa = PBXBuildFile; fileRef = 754CE1721D3C69D0008CFE62 /* AppDelegate.swift */; };
		754CE1751D3C69D0008CFE62 /* PlaceListViewController.swift in Sources */ = {isa = PBXBuildFile; fileRef = 754CE1741D3C69D0008CFE62 /* PlaceListViewController.swift */; };
		754CE1781D3C69D0008CFE62 /* Main.storyboard in Resources */ = {isa = PBXBuildFile; fileRef = 754CE1761D3C69D0008CFE62 /* Main.storyboard */; };
		754CE17A1D3C69D0008CFE62 /* Assets.xcassets in Resources */ = {isa = PBXBuildFile; fileRef = 754CE1791D3C69D0008CFE62 /* Assets.xcassets */; };
		754CE17D1D3C69D0008CFE62 /* LaunchScreen.storyboard in Resources */ = {isa = PBXBuildFile; fileRef = 754CE17B1D3C69D0008CFE62 /* LaunchScreen.storyboard */; };
		754CE1881D3C69D0008CFE62 /* CalifornicationTests.swift in Sources */ = {isa = PBXBuildFile; fileRef = 754CE1871D3C69D0008CFE62 /* CalifornicationTests.swift */; };
		754CE1931D3C69D0008CFE62 /* CalifornicationUITests.swift in Sources */ = {isa = PBXBuildFile; fileRef = 754CE1921D3C69D0008CFE62 /* CalifornicationUITests.swift */; };
		75570C8A1D5474C6001DC58C /* MapViewController.swift in Sources */ = {isa = PBXBuildFile; fileRef = 75570C891D5474C6001DC58C /* MapViewController.swift */; };
		7564CD251D3DF0E50066EE42 /* UIViewController+PresentAlert.swift in Sources */ = {isa = PBXBuildFile; fileRef = 7564CD241D3DF0E50066EE42 /* UIViewController+PresentAlert.swift */; };
		756DB0EC1D4480AF00549027 /* ImageCache.swift in Sources */ = {isa = PBXBuildFile; fileRef = 756DB0EB1D4480AF00549027 /* ImageCache.swift */; };
		75D4C36E1D3C756D00ECCD4F /* FirebaseDirectorProtocols.swift in Sources */ = {isa = PBXBuildFile; fileRef = 75D4C36D1D3C756D00ECCD4F /* FirebaseDirectorProtocols.swift */; };
		75D4C3701D3C784200ECCD4F /* FPlace.swift in Sources */ = {isa = PBXBuildFile; fileRef = 75D4C36F1D3C784200ECCD4F /* FPlace.swift */; };
		75D4C3731D3C795E00ECCD4F /* CannedFirebaseManager.swift in Sources */ = {isa = PBXBuildFile; fileRef = 75D4C3721D3C795E00ECCD4F /* CannedFirebaseManager.swift */; };
		75D4C3751D3C7AAC00ECCD4F /* CannedFirebaseBuilder.swift in Sources */ = {isa = PBXBuildFile; fileRef = 75D4C3741D3C7AAC00ECCD4F /* CannedFirebaseBuilder.swift */; };
		75D4C3791D3C804000ECCD4F /* FirebaseDirector.swift in Sources */ = {isa = PBXBuildFile; fileRef = 75D4C3781D3C804000ECCD4F /* FirebaseDirector.swift */; };
		75D4C37B1D3C82A000ECCD4F /* PlaceListTableViewDataSource.swift in Sources */ = {isa = PBXBuildFile; fileRef = 75D4C37A1D3C82A000ECCD4F /* PlaceListTableViewDataSource.swift */; };
		75D4C37D1D3C851900ECCD4F /* App.swift in Sources */ = {isa = PBXBuildFile; fileRef = 75D4C37C1D3C851900ECCD4F /* App.swift */; };
		75D4C37F1D3C8BFB00ECCD4F /* Constants.swift in Sources */ = {isa = PBXBuildFile; fileRef = 75D4C37E1D3C8BFB00ECCD4F /* Constants.swift */; };
		75D4C3811D3C8CCE00ECCD4F /* AppConfigurator.swift in Sources */ = {isa = PBXBuildFile; fileRef = 75D4C3801D3C8CCE00ECCD4F /* AppConfigurator.swift */; };
		75F6D84F1D3D9A04000D2932 /* Place.swift in Sources */ = {isa = PBXBuildFile; fileRef = 75F6D84E1D3D9A04000D2932 /* Place.swift */; };
		75F6D8511D3D9A66000D2932 /* GoogleMapsDirectorProtocols.swift in Sources */ = {isa = PBXBuildFile; fileRef = 75F6D8501D3D9A66000D2932 /* GoogleMapsDirectorProtocols.swift */; };
		75F6D8531D3D9D41000D2932 /* CannedGoogleMapsNetworkManager.swift in Sources */ = {isa = PBXBuildFile; fileRef = 75F6D8521D3D9D41000D2932 /* CannedGoogleMapsNetworkManager.swift */; };
		75F6D8551D3DA620000D2932 /* GoogleMapsDirector.swift in Sources */ = {isa = PBXBuildFile; fileRef = 75F6D8541D3DA620000D2932 /* GoogleMapsDirector.swift */; };
		75F6D8571D3DB8E4000D2932 /* PlaceDirectorProtocols.swift in Sources */ = {isa = PBXBuildFile; fileRef = 75F6D8561D3DB8E4000D2932 /* PlaceDirectorProtocols.swift */; };
		75F6D8591D3DB981000D2932 /* PlaceDirector.swift in Sources */ = {isa = PBXBuildFile; fileRef = 75F6D8581D3DB981000D2932 /* PlaceDirector.swift */; };
		75F6D85B1D3DBF19000D2932 /* GCDUtils.swift in Sources */ = {isa = PBXBuildFile; fileRef = 75F6D85A1D3DBF19000D2932 /* GCDUtils.swift */; };
		75F6D85E1D3DEA52000D2932 /* PlaceTableViewCell.swift in Sources */ = {isa = PBXBuildFile; fileRef = 75F6D85D1D3DEA52000D2932 /* PlaceTableViewCell.swift */; };
		C63AA9EE9EC76D929CD962DB /* Pods_Californication.framework in Frameworks */ = {isa = PBXBuildFile; fileRef = F671F0799D0C27EC69C63FEB /* Pods_Californication.framework */; };
/* End PBXBuildFile section */

/* Begin PBXContainerItemProxy section */
		754CE1841D3C69D0008CFE62 /* PBXContainerItemProxy */ = {
			isa = PBXContainerItemProxy;
			containerPortal = 754CE1671D3C69D0008CFE62 /* Project object */;
			proxyType = 1;
			remoteGlobalIDString = 754CE16E1D3C69D0008CFE62;
			remoteInfo = Californication;
		};
		754CE18F1D3C69D0008CFE62 /* PBXContainerItemProxy */ = {
			isa = PBXContainerItemProxy;
			containerPortal = 754CE1671D3C69D0008CFE62 /* Project object */;
			proxyType = 1;
			remoteGlobalIDString = 754CE16E1D3C69D0008CFE62;
			remoteInfo = Californication;
		};
/* End PBXContainerItemProxy section */

/* Begin PBXFileReference section */
		750643001D3E43D500E3D691 /* CannedPlaceCacheManager.swift */ = {isa = PBXFileReference; fileEncoding = 4; lastKnownFileType = sourcecode.swift; path = CannedPlaceCacheManager.swift; sourceTree = "<group>"; };
		750F08DB1D4D00D2007B44BC /* PlaceDetailsViewController.swift */ = {isa = PBXFileReference; fileEncoding = 4; lastKnownFileType = sourcecode.swift; path = PlaceDetailsViewController.swift; sourceTree = "<group>"; };
		7511026A1D3F003D000385A3 /* PlaceImage.swift */ = {isa = PBXFileReference; fileEncoding = 4; lastKnownFileType = sourcecode.swift; path = PlaceImage.swift; sourceTree = "<group>"; };
		7511026C1D3F08B7000385A3 /* GoogleService-Info.plist */ = {isa = PBXFileReference; fileEncoding = 4; lastKnownFileType = text.plist.xml; path = "GoogleService-Info.plist"; sourceTree = "<group>"; };
		7524B9721D41DFFB00C540A3 /* ImageDownloadManager.swift */ = {isa = PBXFileReference; fileEncoding = 4; lastKnownFileType = sourcecode.swift; path = ImageDownloadManager.swift; sourceTree = "<group>"; };
		754CE16F1D3C69D0008CFE62 /* Californication.app */ = {isa = PBXFileReference; explicitFileType = wrapper.application; includeInIndex = 0; path = Californication.app; sourceTree = BUILT_PRODUCTS_DIR; };
		754CE1721D3C69D0008CFE62 /* AppDelegate.swift */ = {isa = PBXFileReference; lastKnownFileType = sourcecode.swift; path = AppDelegate.swift; sourceTree = "<group>"; };
		754CE1741D3C69D0008CFE62 /* PlaceListViewController.swift */ = {isa = PBXFileReference; lastKnownFileType = sourcecode.swift; path = PlaceListViewController.swift; sourceTree = "<group>"; };
		754CE1771D3C69D0008CFE62 /* Base */ = {isa = PBXFileReference; lastKnownFileType = file.storyboard; name = Base; path = Base.lproj/Main.storyboard; sourceTree = "<group>"; };
		754CE1791D3C69D0008CFE62 /* Assets.xcassets */ = {isa = PBXFileReference; lastKnownFileType = folder.assetcatalog; path = Assets.xcassets; sourceTree = "<group>"; };
		754CE17C1D3C69D0008CFE62 /* Base */ = {isa = PBXFileReference; lastKnownFileType = file.storyboard; name = Base; path = Base.lproj/LaunchScreen.storyboard; sourceTree = "<group>"; };
		754CE17E1D3C69D0008CFE62 /* Info.plist */ = {isa = PBXFileReference; lastKnownFileType = text.plist.xml; path = Info.plist; sourceTree = "<group>"; };
		754CE1831D3C69D0008CFE62 /* CalifornicationTests.xctest */ = {isa = PBXFileReference; explicitFileType = wrapper.cfbundle; includeInIndex = 0; path = CalifornicationTests.xctest; sourceTree = BUILT_PRODUCTS_DIR; };
		754CE1871D3C69D0008CFE62 /* CalifornicationTests.swift */ = {isa = PBXFileReference; lastKnownFileType = sourcecode.swift; path = CalifornicationTests.swift; sourceTree = "<group>"; };
		754CE1891D3C69D0008CFE62 /* Info.plist */ = {isa = PBXFileReference; lastKnownFileType = text.plist.xml; path = Info.plist; sourceTree = "<group>"; };
		754CE18E1D3C69D0008CFE62 /* CalifornicationUITests.xctest */ = {isa = PBXFileReference; explicitFileType = wrapper.cfbundle; includeInIndex = 0; path = CalifornicationUITests.xctest; sourceTree = BUILT_PRODUCTS_DIR; };
		754CE1921D3C69D0008CFE62 /* CalifornicationUITests.swift */ = {isa = PBXFileReference; lastKnownFileType = sourcecode.swift; path = CalifornicationUITests.swift; sourceTree = "<group>"; };
		754CE1941D3C69D0008CFE62 /* Info.plist */ = {isa = PBXFileReference; lastKnownFileType = text.plist.xml; path = Info.plist; sourceTree = "<group>"; };
		75570C891D5474C6001DC58C /* MapViewController.swift */ = {isa = PBXFileReference; fileEncoding = 4; lastKnownFileType = sourcecode.swift; path = MapViewController.swift; sourceTree = "<group>"; };
		7564CD241D3DF0E50066EE42 /* UIViewController+PresentAlert.swift */ = {isa = PBXFileReference; fileEncoding = 4; lastKnownFileType = sourcecode.swift; path = "UIViewController+PresentAlert.swift"; sourceTree = "<group>"; };
		756DB0EB1D4480AF00549027 /* ImageCache.swift */ = {isa = PBXFileReference; fileEncoding = 4; lastKnownFileType = sourcecode.swift; path = ImageCache.swift; sourceTree = "<group>"; };
		75D4C36D1D3C756D00ECCD4F /* FirebaseDirectorProtocols.swift */ = {isa = PBXFileReference; fileEncoding = 4; lastKnownFileType = sourcecode.swift; path = FirebaseDirectorProtocols.swift; sourceTree = "<group>"; };
		75D4C36F1D3C784200ECCD4F /* FPlace.swift */ = {isa = PBXFileReference; fileEncoding = 4; lastKnownFileType = sourcecode.swift; path = FPlace.swift; sourceTree = "<group>"; };
		75D4C3721D3C795E00ECCD4F /* CannedFirebaseManager.swift */ = {isa = PBXFileReference; fileEncoding = 4; lastKnownFileType = sourcecode.swift; path = CannedFirebaseManager.swift; sourceTree = "<group>"; };
		75D4C3741D3C7AAC00ECCD4F /* CannedFirebaseBuilder.swift */ = {isa = PBXFileReference; fileEncoding = 4; lastKnownFileType = sourcecode.swift; path = CannedFirebaseBuilder.swift; sourceTree = "<group>"; };
		75D4C3781D3C804000ECCD4F /* FirebaseDirector.swift */ = {isa = PBXFileReference; fileEncoding = 4; lastKnownFileType = sourcecode.swift; path = FirebaseDirector.swift; sourceTree = "<group>"; };
		75D4C37A1D3C82A000ECCD4F /* PlaceListTableViewDataSource.swift */ = {isa = PBXFileReference; fileEncoding = 4; lastKnownFileType = sourcecode.swift; path = PlaceListTableViewDataSource.swift; sourceTree = "<group>"; };
		75D4C37C1D3C851900ECCD4F /* App.swift */ = {isa = PBXFileReference; fileEncoding = 4; lastKnownFileType = sourcecode.swift; path = App.swift; sourceTree = "<group>"; };
		75D4C37E1D3C8BFB00ECCD4F /* Constants.swift */ = {isa = PBXFileReference; fileEncoding = 4; lastKnownFileType = sourcecode.swift; path = Constants.swift; sourceTree = "<group>"; };
		75D4C3801D3C8CCE00ECCD4F /* AppConfigurator.swift */ = {isa = PBXFileReference; fileEncoding = 4; lastKnownFileType = sourcecode.swift; path = AppConfigurator.swift; sourceTree = "<group>"; };
		75F6D84E1D3D9A04000D2932 /* Place.swift */ = {isa = PBXFileReference; fileEncoding = 4; lastKnownFileType = sourcecode.swift; path = Place.swift; sourceTree = "<group>"; };
		75F6D8501D3D9A66000D2932 /* GoogleMapsDirectorProtocols.swift */ = {isa = PBXFileReference; fileEncoding = 4; lastKnownFileType = sourcecode.swift; path = GoogleMapsDirectorProtocols.swift; sourceTree = "<group>"; };
		75F6D8521D3D9D41000D2932 /* CannedGoogleMapsNetworkManager.swift */ = {isa = PBXFileReference; fileEncoding = 4; lastKnownFileType = sourcecode.swift; path = CannedGoogleMapsNetworkManager.swift; sourceTree = "<group>"; };
		75F6D8541D3DA620000D2932 /* GoogleMapsDirector.swift */ = {isa = PBXFileReference; fileEncoding = 4; lastKnownFileType = sourcecode.swift; path = GoogleMapsDirector.swift; sourceTree = "<group>"; };
		75F6D8561D3DB8E4000D2932 /* PlaceDirectorProtocols.swift */ = {isa = PBXFileReference; fileEncoding = 4; lastKnownFileType = sourcecode.swift; path = PlaceDirectorProtocols.swift; sourceTree = "<group>"; };
		75F6D8581D3DB981000D2932 /* PlaceDirector.swift */ = {isa = PBXFileReference; fileEncoding = 4; lastKnownFileType = sourcecode.swift; path = PlaceDirector.swift; sourceTree = "<group>"; };
		75F6D85A1D3DBF19000D2932 /* GCDUtils.swift */ = {isa = PBXFileReference; fileEncoding = 4; lastKnownFileType = sourcecode.swift; path = GCDUtils.swift; sourceTree = "<group>"; };
		75F6D85D1D3DEA52000D2932 /* PlaceTableViewCell.swift */ = {isa = PBXFileReference; fileEncoding = 4; lastKnownFileType = sourcecode.swift; path = PlaceTableViewCell.swift; sourceTree = "<group>"; };
		843AF86846F1E9AD4543490C /* Pods-Californication.release.xcconfig */ = {isa = PBXFileReference; includeInIndex = 1; lastKnownFileType = text.xcconfig; name = "Pods-Californication.release.xcconfig"; path = "Pods/Target Support Files/Pods-Californication/Pods-Californication.release.xcconfig"; sourceTree = "<group>"; };
		C1072CE40450049DEBD6D90B /* Pods-Californication.debug.xcconfig */ = {isa = PBXFileReference; includeInIndex = 1; lastKnownFileType = text.xcconfig; name = "Pods-Californication.debug.xcconfig"; path = "Pods/Target Support Files/Pods-Californication/Pods-Californication.debug.xcconfig"; sourceTree = "<group>"; };
		F671F0799D0C27EC69C63FEB /* Pods_Californication.framework */ = {isa = PBXFileReference; explicitFileType = wrapper.framework; includeInIndex = 0; path = Pods_Californication.framework; sourceTree = BUILT_PRODUCTS_DIR; };
/* End PBXFileReference section */

/* Begin PBXFrameworksBuildPhase section */
		754CE16C1D3C69D0008CFE62 /* Frameworks */ = {
			isa = PBXFrameworksBuildPhase;
			buildActionMask = 2147483647;
			files = (
				C63AA9EE9EC76D929CD962DB /* Pods_Californication.framework in Frameworks */,
			);
			runOnlyForDeploymentPostprocessing = 0;
		};
		754CE1801D3C69D0008CFE62 /* Frameworks */ = {
			isa = PBXFrameworksBuildPhase;
			buildActionMask = 2147483647;
			files = (
			);
			runOnlyForDeploymentPostprocessing = 0;
		};
		754CE18B1D3C69D0008CFE62 /* Frameworks */ = {
			isa = PBXFrameworksBuildPhase;
			buildActionMask = 2147483647;
			files = (
			);
			runOnlyForDeploymentPostprocessing = 0;
		};
/* End PBXFrameworksBuildPhase section */

/* Begin PBXGroup section */
		5DEB6B2D50011B000ABFA368 /* Frameworks */ = {
			isa = PBXGroup;
			children = (
				F671F0799D0C27EC69C63FEB /* Pods_Californication.framework */,
			);
			name = Frameworks;
			sourceTree = "<group>";
		};
		750643021D3E4DA200E3D691 /* Place */ = {
			isa = PBXGroup;
			children = (
				75F6D84E1D3D9A04000D2932 /* Place.swift */,
				7511026A1D3F003D000385A3 /* PlaceImage.swift */,
				750643031D3E4DAB00E3D691 /* Director */,
			);
			name = Place;
			sourceTree = "<group>";
		};
		750643031D3E4DAB00E3D691 /* Director */ = {
			isa = PBXGroup;
			children = (
				75F6D8561D3DB8E4000D2932 /* PlaceDirectorProtocols.swift */,
				750643001D3E43D500E3D691 /* CannedPlaceCacheManager.swift */,
				75F6D8581D3DB981000D2932 /* PlaceDirector.swift */,
			);
			name = Director;
			sourceTree = "<group>";
		};
		7524B9711D41DFE000C540A3 /* Network */ = {
			isa = PBXGroup;
			children = (
				7524B9721D41DFFB00C540A3 /* ImageDownloadManager.swift */,
			);
			name = Network;
			sourceTree = "<group>";
		};
		754CE1661D3C69D0008CFE62 = {
			isa = PBXGroup;
			children = (
				754CE1711D3C69D0008CFE62 /* Californication */,
				754CE1861D3C69D0008CFE62 /* CalifornicationTests */,
				754CE1911D3C69D0008CFE62 /* CalifornicationUITests */,
				754CE1701D3C69D0008CFE62 /* Products */,
				DBAC04C6C0392D6BC6B1896F /* Pods */,
				5DEB6B2D50011B000ABFA368 /* Frameworks */,
			);
			sourceTree = "<group>";
		};
		754CE1701D3C69D0008CFE62 /* Products */ = {
			isa = PBXGroup;
			children = (
				754CE16F1D3C69D0008CFE62 /* Californication.app */,
				754CE1831D3C69D0008CFE62 /* CalifornicationTests.xctest */,
				754CE18E1D3C69D0008CFE62 /* CalifornicationUITests.xctest */,
			);
			name = Products;
			sourceTree = "<group>";
		};
		754CE1711D3C69D0008CFE62 /* Californication */ = {
			isa = PBXGroup;
			children = (
				75D4C3671D3C6C9E00ECCD4F /* App */,
				75D4C3681D3C6CA500ECCD4F /* Controllers */,
				7524B9711D41DFE000C540A3 /* Network */,
				75D4C36B1D3C751E00ECCD4F /* Model */,
				75D4C3691D3C6CB700ECCD4F /* Resources */,
				75D4C3661D3C6C8500ECCD4F /* Supporting Files */,
				75D4C36A1D3C739900ECCD4F /* View */,
				75F6D85C1D3DC09E000D2932 /* Utils */,
			);
			path = Californication;
			sourceTree = "<group>";
		};
		754CE1861D3C69D0008CFE62 /* CalifornicationTests */ = {
			isa = PBXGroup;
			children = (
				754CE1871D3C69D0008CFE62 /* CalifornicationTests.swift */,
				754CE1891D3C69D0008CFE62 /* Info.plist */,
			);
			path = CalifornicationTests;
			sourceTree = "<group>";
		};
		754CE1911D3C69D0008CFE62 /* CalifornicationUITests */ = {
			isa = PBXGroup;
			children = (
				754CE1921D3C69D0008CFE62 /* CalifornicationUITests.swift */,
				754CE1941D3C69D0008CFE62 /* Info.plist */,
			);
			path = CalifornicationUITests;
			sourceTree = "<group>";
		};
		75D4C3661D3C6C8500ECCD4F /* Supporting Files */ = {
			isa = PBXGroup;
			children = (
				754CE17E1D3C69D0008CFE62 /* Info.plist */,
				7511026C1D3F08B7000385A3 /* GoogleService-Info.plist */,
			);
			name = "Supporting Files";
			sourceTree = "<group>";
		};
		75D4C3671D3C6C9E00ECCD4F /* App */ = {
			isa = PBXGroup;
			children = (
				754CE1721D3C69D0008CFE62 /* AppDelegate.swift */,
				75D4C3801D3C8CCE00ECCD4F /* AppConfigurator.swift */,
				75D4C37C1D3C851900ECCD4F /* App.swift */,
				75D4C37E1D3C8BFB00ECCD4F /* Constants.swift */,
			);
			name = App;
			sourceTree = "<group>";
		};
		75D4C3681D3C6CA500ECCD4F /* Controllers */ = {
			isa = PBXGroup;
			children = (
				754CE1741D3C69D0008CFE62 /* PlaceListViewController.swift */,
				75D4C37A1D3C82A000ECCD4F /* PlaceListTableViewDataSource.swift */,
				750F08DB1D4D00D2007B44BC /* PlaceDetailsViewController.swift */,
				75570C891D5474C6001DC58C /* MapViewController.swift */,
			);
			name = Controllers;
			sourceTree = "<group>";
		};
		75D4C3691D3C6CB700ECCD4F /* Resources */ = {
			isa = PBXGroup;
			children = (
				754CE1791D3C69D0008CFE62 /* Assets.xcassets */,
			);
			name = Resources;
			sourceTree = "<group>";
		};
		75D4C36A1D3C739900ECCD4F /* View */ = {
			isa = PBXGroup;
			children = (
				754CE1761D3C69D0008CFE62 /* Main.storyboard */,
				754CE17B1D3C69D0008CFE62 /* LaunchScreen.storyboard */,
				75F6D85D1D3DEA52000D2932 /* PlaceTableViewCell.swift */,
			);
			name = View;
			sourceTree = "<group>";
		};
		75D4C36B1D3C751E00ECCD4F /* Model */ = {
			isa = PBXGroup;
			children = (
				756DB0EB1D4480AF00549027 /* ImageCache.swift */,
				750643021D3E4DA200E3D691 /* Place */,
				75D4C36C1D3C753500ECCD4F /* Firebase */,
				75F6D84D1D3D99B8000D2932 /* Google Maps */,
			);
			name = Model;
			sourceTree = "<group>";
		};
		75D4C36C1D3C753500ECCD4F /* Firebase */ = {
			isa = PBXGroup;
			children = (
				75D4C36F1D3C784200ECCD4F /* FPlace.swift */,
				75D4C3711D3C792700ECCD4F /* Director */,
			);
			name = Firebase;
			sourceTree = "<group>";
		};
		75D4C3711D3C792700ECCD4F /* Director */ = {
			isa = PBXGroup;
			children = (
				75D4C36D1D3C756D00ECCD4F /* FirebaseDirectorProtocols.swift */,
				75D4C3721D3C795E00ECCD4F /* CannedFirebaseManager.swift */,
				75D4C3741D3C7AAC00ECCD4F /* CannedFirebaseBuilder.swift */,
				75D4C3781D3C804000ECCD4F /* FirebaseDirector.swift */,
			);
			name = Director;
			sourceTree = "<group>";
		};
		75F6D84D1D3D99B8000D2932 /* Google Maps */ = {
			isa = PBXGroup;
			children = (
				75F6D8501D3D9A66000D2932 /* GoogleMapsDirectorProtocols.swift */,
				75F6D8521D3D9D41000D2932 /* CannedGoogleMapsNetworkManager.swift */,
				75F6D8541D3DA620000D2932 /* GoogleMapsDirector.swift */,
			);
			name = "Google Maps";
			sourceTree = "<group>";
		};
		75F6D85C1D3DC09E000D2932 /* Utils */ = {
			isa = PBXGroup;
			children = (
				75F6D85A1D3DBF19000D2932 /* GCDUtils.swift */,
				7564CD241D3DF0E50066EE42 /* UIViewController+PresentAlert.swift */,
			);
			name = Utils;
			sourceTree = "<group>";
		};
		DBAC04C6C0392D6BC6B1896F /* Pods */ = {
			isa = PBXGroup;
			children = (
				C1072CE40450049DEBD6D90B /* Pods-Californication.debug.xcconfig */,
				843AF86846F1E9AD4543490C /* Pods-Californication.release.xcconfig */,
			);
			name = Pods;
			sourceTree = "<group>";
		};
/* End PBXGroup section */

/* Begin PBXNativeTarget section */
		754CE16E1D3C69D0008CFE62 /* Californication */ = {
			isa = PBXNativeTarget;
			buildConfigurationList = 754CE1971D3C69D0008CFE62 /* Build configuration list for PBXNativeTarget "Californication" */;
			buildPhases = (
				EC18F76D4EF0D6F81796C256 /* [CP] Check Pods Manifest.lock */,
				754CE16B1D3C69D0008CFE62 /* Sources */,
				754CE16C1D3C69D0008CFE62 /* Frameworks */,
				754CE16D1D3C69D0008CFE62 /* Resources */,
				49D1B3F9875FA7724DF567B8 /* [CP] Embed Pods Frameworks */,
				2E5B29FAB87DB47F6A0D09F1 /* [CP] Copy Pods Resources */,
			);
			buildRules = (
			);
			dependencies = (
			);
			name = Californication;
			productName = Californication;
			productReference = 754CE16F1D3C69D0008CFE62 /* Californication.app */;
			productType = "com.apple.product-type.application";
		};
		754CE1821D3C69D0008CFE62 /* CalifornicationTests */ = {
			isa = PBXNativeTarget;
			buildConfigurationList = 754CE19A1D3C69D0008CFE62 /* Build configuration list for PBXNativeTarget "CalifornicationTests" */;
			buildPhases = (
				754CE17F1D3C69D0008CFE62 /* Sources */,
				754CE1801D3C69D0008CFE62 /* Frameworks */,
				754CE1811D3C69D0008CFE62 /* Resources */,
			);
			buildRules = (
			);
			dependencies = (
				754CE1851D3C69D0008CFE62 /* PBXTargetDependency */,
			);
			name = CalifornicationTests;
			productName = CalifornicationTests;
			productReference = 754CE1831D3C69D0008CFE62 /* CalifornicationTests.xctest */;
			productType = "com.apple.product-type.bundle.unit-test";
		};
		754CE18D1D3C69D0008CFE62 /* CalifornicationUITests */ = {
			isa = PBXNativeTarget;
			buildConfigurationList = 754CE19D1D3C69D0008CFE62 /* Build configuration list for PBXNativeTarget "CalifornicationUITests" */;
			buildPhases = (
				754CE18A1D3C69D0008CFE62 /* Sources */,
				754CE18B1D3C69D0008CFE62 /* Frameworks */,
				754CE18C1D3C69D0008CFE62 /* Resources */,
			);
			buildRules = (
			);
			dependencies = (
				754CE1901D3C69D0008CFE62 /* PBXTargetDependency */,
			);
			name = CalifornicationUITests;
			productName = CalifornicationUITests;
			productReference = 754CE18E1D3C69D0008CFE62 /* CalifornicationUITests.xctest */;
			productType = "com.apple.product-type.bundle.ui-testing";
		};
/* End PBXNativeTarget section */

/* Begin PBXProject section */
		754CE1671D3C69D0008CFE62 /* Project object */ = {
			isa = PBXProject;
			attributes = {
				LastSwiftUpdateCheck = 0730;
				LastUpgradeCheck = 0730;
				ORGANIZATIONNAME = "Ivan Magda";
				TargetAttributes = {
					754CE16E1D3C69D0008CFE62 = {
						CreatedOnToolsVersion = 7.3.1;
					};
					754CE1821D3C69D0008CFE62 = {
						CreatedOnToolsVersion = 7.3.1;
						TestTargetID = 754CE16E1D3C69D0008CFE62;
					};
					754CE18D1D3C69D0008CFE62 = {
						CreatedOnToolsVersion = 7.3.1;
						TestTargetID = 754CE16E1D3C69D0008CFE62;
					};
				};
			};
			buildConfigurationList = 754CE16A1D3C69D0008CFE62 /* Build configuration list for PBXProject "Californication" */;
			compatibilityVersion = "Xcode 3.2";
			developmentRegion = English;
			hasScannedForEncodings = 0;
			knownRegions = (
				en,
				Base,
			);
			mainGroup = 754CE1661D3C69D0008CFE62;
			productRefGroup = 754CE1701D3C69D0008CFE62 /* Products */;
			projectDirPath = "";
			projectRoot = "";
			targets = (
				754CE16E1D3C69D0008CFE62 /* Californication */,
				754CE1821D3C69D0008CFE62 /* CalifornicationTests */,
				754CE18D1D3C69D0008CFE62 /* CalifornicationUITests */,
			);
		};
/* End PBXProject section */

/* Begin PBXResourcesBuildPhase section */
		754CE16D1D3C69D0008CFE62 /* Resources */ = {
			isa = PBXResourcesBuildPhase;
			buildActionMask = 2147483647;
			files = (
				754CE17D1D3C69D0008CFE62 /* LaunchScreen.storyboard in Resources */,
				7511026D1D3F08B7000385A3 /* GoogleService-Info.plist in Resources */,
				754CE17A1D3C69D0008CFE62 /* Assets.xcassets in Resources */,
				754CE1781D3C69D0008CFE62 /* Main.storyboard in Resources */,
			);
			runOnlyForDeploymentPostprocessing = 0;
		};
		754CE1811D3C69D0008CFE62 /* Resources */ = {
			isa = PBXResourcesBuildPhase;
			buildActionMask = 2147483647;
			files = (
			);
			runOnlyForDeploymentPostprocessing = 0;
		};
		754CE18C1D3C69D0008CFE62 /* Resources */ = {
			isa = PBXResourcesBuildPhase;
			buildActionMask = 2147483647;
			files = (
			);
			runOnlyForDeploymentPostprocessing = 0;
		};
/* End PBXResourcesBuildPhase section */

/* Begin PBXShellScriptBuildPhase section */
		2E5B29FAB87DB47F6A0D09F1 /* [CP] Copy Pods Resources */ = {
			isa = PBXShellScriptBuildPhase;
			buildActionMask = 2147483647;
			files = (
			);
			inputPaths = (
			);
			name = "[CP] Copy Pods Resources";
			outputPaths = (
			);
			runOnlyForDeploymentPostprocessing = 0;
			shellPath = /bin/sh;
			shellScript = "\"${SRCROOT}/Pods/Target Support Files/Pods-Californication/Pods-Californication-resources.sh\"\n";
			showEnvVarsInLog = 0;
		};
		49D1B3F9875FA7724DF567B8 /* [CP] Embed Pods Frameworks */ = {
			isa = PBXShellScriptBuildPhase;
			buildActionMask = 2147483647;
			files = (
			);
			inputPaths = (
			);
			name = "[CP] Embed Pods Frameworks";
			outputPaths = (
			);
			runOnlyForDeploymentPostprocessing = 0;
			shellPath = /bin/sh;
			shellScript = "\"${SRCROOT}/Pods/Target Support Files/Pods-Californication/Pods-Californication-frameworks.sh\"\n";
			showEnvVarsInLog = 0;
		};
		EC18F76D4EF0D6F81796C256 /* [CP] Check Pods Manifest.lock */ = {
			isa = PBXShellScriptBuildPhase;
			buildActionMask = 2147483647;
			files = (
			);
			inputPaths = (
			);
			name = "[CP] Check Pods Manifest.lock";
			outputPaths = (
			);
			runOnlyForDeploymentPostprocessing = 0;
			shellPath = /bin/sh;
			shellScript = "diff \"${PODS_ROOT}/../Podfile.lock\" \"${PODS_ROOT}/Manifest.lock\" > /dev/null\nif [[ $? != 0 ]] ; then\n    cat << EOM\nerror: The sandbox is not in sync with the Podfile.lock. Run 'pod install' or update your CocoaPods installation.\nEOM\n    exit 1\nfi\n";
			showEnvVarsInLog = 0;
		};
/* End PBXShellScriptBuildPhase section */

/* Begin PBXSourcesBuildPhase section */
		754CE16B1D3C69D0008CFE62 /* Sources */ = {
			isa = PBXSourcesBuildPhase;
			buildActionMask = 2147483647;
			files = (
				75D4C3811D3C8CCE00ECCD4F /* AppConfigurator.swift in Sources */,
				750F08DC1D4D00D2007B44BC /* PlaceDetailsViewController.swift in Sources */,
				75D4C37D1D3C851900ECCD4F /* App.swift in Sources */,
				75D4C36E1D3C756D00ECCD4F /* FirebaseDirectorProtocols.swift in Sources */,
				7564CD251D3DF0E50066EE42 /* UIViewController+PresentAlert.swift in Sources */,
				75F6D84F1D3D9A04000D2932 /* Place.swift in Sources */,
				75F6D85E1D3DEA52000D2932 /* PlaceTableViewCell.swift in Sources */,
				75D4C3731D3C795E00ECCD4F /* CannedFirebaseManager.swift in Sources */,
				7511026B1D3F003D000385A3 /* PlaceImage.swift in Sources */,
				754CE1751D3C69D0008CFE62 /* PlaceListViewController.swift in Sources */,
				75F6D85B1D3DBF19000D2932 /* GCDUtils.swift in Sources */,
				75D4C3751D3C7AAC00ECCD4F /* CannedFirebaseBuilder.swift in Sources */,
				75F6D8591D3DB981000D2932 /* PlaceDirector.swift in Sources */,
				75F6D8531D3D9D41000D2932 /* CannedGoogleMapsNetworkManager.swift in Sources */,
				75D4C37F1D3C8BFB00ECCD4F /* Constants.swift in Sources */,
				75D4C37B1D3C82A000ECCD4F /* PlaceListTableViewDataSource.swift in Sources */,
				75F6D8551D3DA620000D2932 /* GoogleMapsDirector.swift in Sources */,
				7524B9731D41DFFB00C540A3 /* ImageDownloadManager.swift in Sources */,
				75F6D8511D3D9A66000D2932 /* GoogleMapsDirectorProtocols.swift in Sources */,
				75570C8A1D5474C6001DC58C /* MapViewController.swift in Sources */,
				756DB0EC1D4480AF00549027 /* ImageCache.swift in Sources */,
				75D4C3701D3C784200ECCD4F /* FPlace.swift in Sources */,
				75F6D8571D3DB8E4000D2932 /* PlaceDirectorProtocols.swift in Sources */,
				754CE1731D3C69D0008CFE62 /* AppDelegate.swift in Sources */,
				75D4C3791D3C804000ECCD4F /* FirebaseDirector.swift in Sources */,
				750643011D3E43D500E3D691 /* CannedPlaceCacheManager.swift in Sources */,
			);
			runOnlyForDeploymentPostprocessing = 0;
		};
		754CE17F1D3C69D0008CFE62 /* Sources */ = {
			isa = PBXSourcesBuildPhase;
			buildActionMask = 2147483647;
			files = (
				754CE1881D3C69D0008CFE62 /* CalifornicationTests.swift in Sources */,
			);
			runOnlyForDeploymentPostprocessing = 0;
		};
		754CE18A1D3C69D0008CFE62 /* Sources */ = {
			isa = PBXSourcesBuildPhase;
			buildActionMask = 2147483647;
			files = (
				754CE1931D3C69D0008CFE62 /* CalifornicationUITests.swift in Sources */,
			);
			runOnlyForDeploymentPostprocessing = 0;
		};
/* End PBXSourcesBuildPhase section */

/* Begin PBXTargetDependency section */
		754CE1851D3C69D0008CFE62 /* PBXTargetDependency */ = {
			isa = PBXTargetDependency;
			target = 754CE16E1D3C69D0008CFE62 /* Californication */;
			targetProxy = 754CE1841D3C69D0008CFE62 /* PBXContainerItemProxy */;
		};
		754CE1901D3C69D0008CFE62 /* PBXTargetDependency */ = {
			isa = PBXTargetDependency;
			target = 754CE16E1D3C69D0008CFE62 /* Californication */;
			targetProxy = 754CE18F1D3C69D0008CFE62 /* PBXContainerItemProxy */;
		};
/* End PBXTargetDependency section */

/* Begin PBXVariantGroup section */
		754CE1761D3C69D0008CFE62 /* Main.storyboard */ = {
			isa = PBXVariantGroup;
			children = (
				754CE1771D3C69D0008CFE62 /* Base */,
			);
			name = Main.storyboard;
			sourceTree = "<group>";
		};
		754CE17B1D3C69D0008CFE62 /* LaunchScreen.storyboard */ = {
			isa = PBXVariantGroup;
			children = (
				754CE17C1D3C69D0008CFE62 /* Base */,
			);
			name = LaunchScreen.storyboard;
			sourceTree = "<group>";
		};
/* End PBXVariantGroup section */

/* Begin XCBuildConfiguration section */
		754CE1951D3C69D0008CFE62 /* Debug */ = {
			isa = XCBuildConfiguration;
			buildSettings = {
				ALWAYS_SEARCH_USER_PATHS = NO;
				CLANG_ANALYZER_NONNULL = YES;
				CLANG_CXX_LANGUAGE_STANDARD = "gnu++0x";
				CLANG_CXX_LIBRARY = "libc++";
				CLANG_ENABLE_MODULES = YES;
				CLANG_ENABLE_OBJC_ARC = YES;
				CLANG_WARN_BOOL_CONVERSION = YES;
				CLANG_WARN_CONSTANT_CONVERSION = YES;
				CLANG_WARN_DIRECT_OBJC_ISA_USAGE = YES_ERROR;
				CLANG_WARN_EMPTY_BODY = YES;
				CLANG_WARN_ENUM_CONVERSION = YES;
				CLANG_WARN_INT_CONVERSION = YES;
				CLANG_WARN_OBJC_ROOT_CLASS = YES_ERROR;
				CLANG_WARN_UNREACHABLE_CODE = YES;
				CLANG_WARN__DUPLICATE_METHOD_MATCH = YES;
				"CODE_SIGN_IDENTITY[sdk=iphoneos*]" = "iPhone Developer";
				COPY_PHASE_STRIP = NO;
				DEBUG_INFORMATION_FORMAT = dwarf;
				ENABLE_STRICT_OBJC_MSGSEND = YES;
				ENABLE_TESTABILITY = YES;
				GCC_C_LANGUAGE_STANDARD = gnu99;
				GCC_DYNAMIC_NO_PIC = NO;
				GCC_NO_COMMON_BLOCKS = YES;
				GCC_OPTIMIZATION_LEVEL = 0;
				GCC_PREPROCESSOR_DEFINITIONS = (
					"DEBUG=1",
					"$(inherited)",
				);
				GCC_WARN_64_TO_32_BIT_CONVERSION = YES;
				GCC_WARN_ABOUT_RETURN_TYPE = YES_ERROR;
				GCC_WARN_UNDECLARED_SELECTOR = YES;
				GCC_WARN_UNINITIALIZED_AUTOS = YES_AGGRESSIVE;
				GCC_WARN_UNUSED_FUNCTION = YES;
				GCC_WARN_UNUSED_VARIABLE = YES;
				IPHONEOS_DEPLOYMENT_TARGET = 8.0;
				MTL_ENABLE_DEBUG_INFO = YES;
				ONLY_ACTIVE_ARCH = YES;
				SDKROOT = iphoneos;
				SWIFT_OPTIMIZATION_LEVEL = "-Onone";
				TARGETED_DEVICE_FAMILY = "1,2";
			};
			name = Debug;
		};
		754CE1961D3C69D0008CFE62 /* Release */ = {
			isa = XCBuildConfiguration;
			buildSettings = {
				ALWAYS_SEARCH_USER_PATHS = NO;
				CLANG_ANALYZER_NONNULL = YES;
				CLANG_CXX_LANGUAGE_STANDARD = "gnu++0x";
				CLANG_CXX_LIBRARY = "libc++";
				CLANG_ENABLE_MODULES = YES;
				CLANG_ENABLE_OBJC_ARC = YES;
				CLANG_WARN_BOOL_CONVERSION = YES;
				CLANG_WARN_CONSTANT_CONVERSION = YES;
				CLANG_WARN_DIRECT_OBJC_ISA_USAGE = YES_ERROR;
				CLANG_WARN_EMPTY_BODY = YES;
				CLANG_WARN_ENUM_CONVERSION = YES;
				CLANG_WARN_INT_CONVERSION = YES;
				CLANG_WARN_OBJC_ROOT_CLASS = YES_ERROR;
				CLANG_WARN_UNREACHABLE_CODE = YES;
				CLANG_WARN__DUPLICATE_METHOD_MATCH = YES;
				"CODE_SIGN_IDENTITY[sdk=iphoneos*]" = "iPhone Developer";
				COPY_PHASE_STRIP = NO;
				DEBUG_INFORMATION_FORMAT = "dwarf-with-dsym";
				ENABLE_NS_ASSERTIONS = NO;
				ENABLE_STRICT_OBJC_MSGSEND = YES;
				GCC_C_LANGUAGE_STANDARD = gnu99;
				GCC_NO_COMMON_BLOCKS = YES;
				GCC_WARN_64_TO_32_BIT_CONVERSION = YES;
				GCC_WARN_ABOUT_RETURN_TYPE = YES_ERROR;
				GCC_WARN_UNDECLARED_SELECTOR = YES;
				GCC_WARN_UNINITIALIZED_AUTOS = YES_AGGRESSIVE;
				GCC_WARN_UNUSED_FUNCTION = YES;
				GCC_WARN_UNUSED_VARIABLE = YES;
				IPHONEOS_DEPLOYMENT_TARGET = 8.0;
				MTL_ENABLE_DEBUG_INFO = NO;
				PROVISIONING_PROFILE = "a15ca820-e81f-43fa-8668-1b9160824630";
				SDKROOT = iphoneos;
				TARGETED_DEVICE_FAMILY = "1,2";
				VALIDATE_PRODUCT = YES;
			};
			name = Release;
		};
		754CE1981D3C69D0008CFE62 /* Debug */ = {
			isa = XCBuildConfiguration;
			baseConfigurationReference = C1072CE40450049DEBD6D90B /* Pods-Californication.debug.xcconfig */;
			buildSettings = {
				ASSETCATALOG_COMPILER_APPICON_NAME = AppIcon;
				INFOPLIST_FILE = Californication/Info.plist;
				LD_RUNPATH_SEARCH_PATHS = "$(inherited) @executable_path/Frameworks";
				PRODUCT_BUNDLE_IDENTIFIER = com.ivanmagda.Californication;
				PRODUCT_NAME = "$(TARGET_NAME)";
			};
			name = Debug;
		};
		754CE1991D3C69D0008CFE62 /* Release */ = {
			isa = XCBuildConfiguration;
			baseConfigurationReference = 843AF86846F1E9AD4543490C /* Pods-Californication.release.xcconfig */;
			buildSettings = {
				ASSETCATALOG_COMPILER_APPICON_NAME = AppIcon;
				INFOPLIST_FILE = Californication/Info.plist;
				LD_RUNPATH_SEARCH_PATHS = "$(inherited) @executable_path/Frameworks";
				PRODUCT_BUNDLE_IDENTIFIER = com.ivanmagda.Californication;
				PRODUCT_NAME = "$(TARGET_NAME)";
			};
			name = Release;
		};
		754CE19B1D3C69D0008CFE62 /* Debug */ = {
			isa = XCBuildConfiguration;
			buildSettings = {
				BUNDLE_LOADER = "$(TEST_HOST)";
				INFOPLIST_FILE = CalifornicationTests/Info.plist;
				LD_RUNPATH_SEARCH_PATHS = "$(inherited) @executable_path/Frameworks @loader_path/Frameworks";
				PRODUCT_BUNDLE_IDENTIFIER = com.ivanmagda.CalifornicationTests;
				PRODUCT_NAME = "$(TARGET_NAME)";
				TEST_HOST = "$(BUILT_PRODUCTS_DIR)/Californication.app/Californication";
			};
			name = Debug;
		};
		754CE19C1D3C69D0008CFE62 /* Release */ = {
			isa = XCBuildConfiguration;
			buildSettings = {
				BUNDLE_LOADER = "$(TEST_HOST)";
				INFOPLIST_FILE = CalifornicationTests/Info.plist;
				LD_RUNPATH_SEARCH_PATHS = "$(inherited) @executable_path/Frameworks @loader_path/Frameworks";
				PRODUCT_BUNDLE_IDENTIFIER = com.ivanmagda.CalifornicationTests;
				PRODUCT_NAME = "$(TARGET_NAME)";
				TEST_HOST = "$(BUILT_PRODUCTS_DIR)/Californication.app/Californication";
			};
			name = Release;
		};
		754CE19E1D3C69D0008CFE62 /* Debug */ = {
			isa = XCBuildConfiguration;
			buildSettings = {
				INFOPLIST_FILE = CalifornicationUITests/Info.plist;
				LD_RUNPATH_SEARCH_PATHS = "$(inherited) @executable_path/Frameworks @loader_path/Frameworks";
				PRODUCT_BUNDLE_IDENTIFIER = com.ivanmagda.CalifornicationUITests;
				PRODUCT_NAME = "$(TARGET_NAME)";
				TEST_TARGET_NAME = Californication;
			};
			name = Debug;
		};
		754CE19F1D3C69D0008CFE62 /* Release */ = {
			isa = XCBuildConfiguration;
			buildSettings = {
				INFOPLIST_FILE = CalifornicationUITests/Info.plist;
				LD_RUNPATH_SEARCH_PATHS = "$(inherited) @executable_path/Frameworks @loader_path/Frameworks";
				PRODUCT_BUNDLE_IDENTIFIER = com.ivanmagda.CalifornicationUITests;
				PRODUCT_NAME = "$(TARGET_NAME)";
				TEST_TARGET_NAME = Californication;
			};
			name = Release;
		};
/* End XCBuildConfiguration section */

/* Begin XCConfigurationList section */
		754CE16A1D3C69D0008CFE62 /* Build configuration list for PBXProject "Californication" */ = {
			isa = XCConfigurationList;
			buildConfigurations = (
				754CE1951D3C69D0008CFE62 /* Debug */,
				754CE1961D3C69D0008CFE62 /* Release */,
			);
			defaultConfigurationIsVisible = 0;
			defaultConfigurationName = Release;
		};
		754CE1971D3C69D0008CFE62 /* Build configuration list for PBXNativeTarget "Californication" */ = {
			isa = XCConfigurationList;
			buildConfigurations = (
				754CE1981D3C69D0008CFE62 /* Debug */,
				754CE1991D3C69D0008CFE62 /* Release */,
			);
			defaultConfigurationIsVisible = 0;
			defaultConfigurationName = Release;
		};
		754CE19A1D3C69D0008CFE62 /* Build configuration list for PBXNativeTarget "CalifornicationTests" */ = {
			isa = XCConfigurationList;
			buildConfigurations = (
				754CE19B1D3C69D0008CFE62 /* Debug */,
				754CE19C1D3C69D0008CFE62 /* Release */,
			);
			defaultConfigurationIsVisible = 0;
			defaultConfigurationName = Release;
		};
		754CE19D1D3C69D0008CFE62 /* Build configuration list for PBXNativeTarget "CalifornicationUITests" */ = {
			isa = XCConfigurationList;
			buildConfigurations = (
				754CE19E1D3C69D0008CFE62 /* Debug */,
				754CE19F1D3C69D0008CFE62 /* Release */,
			);
			defaultConfigurationIsVisible = 0;
			defaultConfigurationName = Release;
		};
/* End XCConfigurationList section */
	};
	rootObject = 754CE1671D3C69D0008CFE62 /* Project object */;
}
